
Microsoft Visual Studio Solution File, Format Version 12.00
Project("{FAE04EC0-301F-11D3-BF4B-00C04F79EFBC}") = "MIBO.ExternalServices", "MIBO.ExternalServices\MIBO.ExternalServices.csproj", "{68B266D0-91EE-4F80-8E70-2C267674A6CB}"
EndProject
Global
	GlobalSection(SolutionConfigurationPlatforms) = preSolution
		Debug|Any CPU = Debug|Any CPU
		Release|Any CPU = Release|Any CPU
	EndGlobalSection
	GlobalSection(ProjectConfigurationPlatforms) = postSolution
		{68B266D0-91EE-4F80-8E70-2C267674A6CB}.Debug|Any CPU.ActiveCfg = Debug|Any CPU
		{68B266D0-91EE-4F80-8E70-2C267674A6CB}.Debug|Any CPU.Build.0 = Debug|Any CPU
		{68B266D0-91EE-4F80-8E70-2C267674A6CB}.Release|Any CPU.ActiveCfg = Release|Any CPU
		{68B266D0-91EE-4F80-8E70-2C267674A6CB}.Release|Any CPU.Build.0 = Release|Any CPU
	EndGlobalSection
EndGlobal
